
Microsoft Visual Studio Solution File, Format Version 12.00
# Visual Studio Version 17
VisualStudioVersion = 17.4.33122.133
MinimumVisualStudioVersion = 10.0.40219.1
Project("{FAE04EC0-301F-11D3-BF4B-00C04F79EFBC}") = "Reversi", "Reversi.csproj", "{7B103FC9-DD7B-4B28-B8A0-80E87B2E8A2A}"
EndProject
Global
	GlobalSection(SolutionConfigurationPlatforms) = preSolution
		Debug|Any CPU = Debug|Any CPU
		Release|Any CPU = Release|Any CPU
	EndGlobalSection
	GlobalSection(ProjectConfigurationPlatforms) = postSolution
		{7B103FC9-DD7B-4B28-B8A0-80E87B2E8A2A}.Debug|Any CPU.ActiveCfg = Debug|Any CPU
		{7B103FC9-DD7B-4B28-B8A0-80E87B2E8A2A}.Debug|Any CPU.Build.0 = Debug|Any CPU
		{7B103FC9-DD7B-4B28-B8A0-80E87B2E8A2A}.Release|Any CPU.ActiveCfg = Release|Any CPU
		{7B103FC9-DD7B-4B28-B8A0-80E87B2E8A2A}.Release|Any CPU.Build.0 = Release|Any CPU
	EndGlobalSection
	GlobalSection(SolutionProperties) = preSolution
		HideSolutionNode = FALSE
	EndGlobalSection
	GlobalSection(ExtensibilityGlobals) = postSolution
		SolutionGuid = {E709134B-C86C-4CC3-8ED5-09CE2D0352C6}
	EndGlobalSection
EndGlobal
